<?xml version="1.0" encoding="utf-8"?>
<Project ToolsVersion="4.0" xmlns="http://schemas.microsoft.com/developer/msbuild/2003">
  <ItemGroup>
    <Filter Include="소스 파일">
      <UniqueIdentifier>{4FC737F1-C7A5-4376-A066-2A32D752A2FF}</UniqueIdentifier>
      <Extensions>cpp;c;cc;cxx;c++;cppm;ixx;def;odl;idl;hpj;bat;asm;asmx</Extensions>
    </Filter>
    <Filter Include="헤더 파일">
      <UniqueIdentifier>{93995380-89BD-4b04-88EB-625FBE52EBFB}</UniqueIdentifier>
      <Extensions>h;hh;hpp;hxx;h++;hm;inl;inc;ipp;xsd</Extensions>
    </Filter>
    <Filter Include="ServerNetwork">
      <UniqueIdentifier>{3b8eec0d-859a-4e67-ac6f-3c32858c71ee}</UniqueIdentifier>
    </Filter>
    <Filter Include="Concurrency">
      <UniqueIdentifier>{9d210ca3-e0ed-4b04-8c79-32a83f0f25d2}</UniqueIdentifier>
    </Filter>
    <Filter Include="Contents">
      <UniqueIdentifier>{aa6f8647-e8a7-4b48-a759-6a9ee2743040}</UniqueIdentifier>
    </Filter>
    <Filter Include="Database">
      <UniqueIdentifier>{388303b9-4448-4cad-888d-6790b240128c}</UniqueIdentifier>
    </Filter>
    <Filter Include="Common">
      <UniqueIdentifier>{15091036-72b6-4a7e-a246-f9c365edf198}</UniqueIdentifier>
    </Filter>
  </ItemGroup>
  <ItemGroup>
    <ClInclude Include="IOCP.h">
      <Filter>ServerNetwork</Filter>
    </ClInclude>
    <ClInclude Include="ClientSession.h">
      <Filter>ServerNetwork</Filter>
    </ClInclude>
    <ClInclude Include="Define.h">
      <Filter>Common</Filter>
    </ClInclude>
    <ClInclude Include="ErrorCode.h">
      <Filter>Common</Filter>
    </ClInclude>
    <ClInclude Include="CrashDump.h">
      <Filter>Common</Filter>
    </ClInclude>
    <ClInclude Include="MysqlManager.h">
      <Filter>Database</Filter>
    </ClInclude>
    <ClInclude Include="MySQLTaskDefine.h">
      <Filter>Database</Filter>
    </ClInclude>
    <ClInclude Include="RedisManager.h">
      <Filter>Database</Filter>
    </ClInclude>
    <ClInclude Include="RedisTaskDefine.h">
      <Filter>Database</Filter>
    </ClInclude>
    <ClInclude Include="PacketManager.h">
      <Filter>Contents</Filter>
    </ClInclude>
    <ClInclude Include="User.h">
      <Filter>Contents</Filter>
    </ClInclude>
    <ClInclude Include="UserManager.h">
      <Filter>Contents</Filter>
    </ClInclude>
    <ClInclude Include="Room.h">
      <Filter>Contents</Filter>
    </ClInclude>
    <ClInclude Include="RoomManager.h">
      <Filter>Contents</Filter>
    </ClInclude>
    <ClInclude Include="PacketJob.h">
      <Filter>Contents</Filter>
    </ClInclude>
    <ClInclude Include="MPSCQueue.h">
      <Filter>Concurrency</Filter>
    </ClInclude>
    <ClInclude Include="LockFreeStack.h">
      <Filter>Concurrency</Filter>
    </ClInclude>
    <ClInclude Include="GlobalQueue_MutexCV.h">
      <Filter>Concurrency</Filter>
    </ClInclude>
    <ClInclude Include="StrandProcessor.h">
      <Filter>Concurrency</Filter>
    </ClInclude>
    <ClInclude Include="StrandCallback.h">
      <Filter>Concurrency</Filter>
    </ClInclude>
    <ClInclude Include="ObjectMemoryPool.h">
      <Filter>Concurrency</Filter>
    </ClInclude>
    <ClInclude Include="ObjectPool.h">
      <Filter>Concurrency</Filter>
    </ClInclude>
    <ClInclude Include="ChatServer.h">
      <Filter>ServerNetwork</Filter>
    </ClInclude>
    <ClInclude Include="Packet.h">
      <Filter>ServerNetwork</Filter>
    </ClInclude>
    <ClInclude Include="RingBuffer.h">
      <Filter>ServerNetwork</Filter>
    </ClInclude>
    <ClInclude Include="ConfigManager.h">
      <Filter>Common</Filter>
    </ClInclude>
    <ClInclude Include="GlobalQueue_LockFree.h">
      <Filter>Concurrency</Filter>
    </ClInclude>
    <ClInclude Include="resource.h">
      <Filter>헤더 파일</Filter>
    </ClInclude>
  </ItemGroup>
  <ItemGroup>
    <ClCompile Include="main.cpp">
      <Filter>Common</Filter>
    </ClCompile>
    <ClCompile Include="PacketManager.cpp">
      <Filter>Contents</Filter>
    </ClCompile>
    <ClCompile Include="GlobalQueue_LockFree.cpp">
      <Filter>Concurrency</Filter>
    </ClCompile>
    <ClCompile Include="User.cpp">
      <Filter>Contents</Filter>
    </ClCompile>
    <ClCompile Include="Room.cpp">
      <Filter>Contents</Filter>
    </ClCompile>
    <ClCompile Include="UserManager.cpp">
      <Filter>Contents</Filter>
    </ClCompile>
    <ClCompile Include="RoomManager.cpp">
      <Filter>Contents</Filter>
    </ClCompile>
    <ClCompile Include="ClientSession.cpp">
      <Filter>ServerNetwork</Filter>
    </ClCompile>
    <ClCompile Include="StrandProcessor.cpp">
      <Filter>Concurrency</Filter>
    </ClCompile>
    <ClCompile Include="IOCP.cpp">
      <Filter>ServerNetwork</Filter>
    </ClCompile>
  </ItemGroup>
  <ItemGroup>
    <ResourceCompile Include="IOCPChatServer.rc" />
  </ItemGroup>
</Project>